
Microsoft Visual Studio Solution File, Format Version 12.00
# Visual Studio Version 17
VisualStudioVersion = 17.4.33213.308
MinimumVisualStudioVersion = 10.0.40219.1
Project("{FAE04EC0-301F-11D3-BF4B-00C04F79EFBC}") = "ConsoleApp1", "ConsoleApp1\ConsoleApp1.csproj", "{C042B59D-2B8D-4286-8A5B-880A19201BD9}"
EndProject
Global
	GlobalSection(SolutionConfigurationPlatforms) = preSolution
		Debug|Any CPU = Debug|Any CPU
		Release|Any CPU = Release|Any CPU
	EndGlobalSection
	GlobalSection(ProjectConfigurationPlatforms) = postSolution
		{C042B59D-2B8D-4286-8A5B-880A19201BD9}.Debug|Any CPU.ActiveCfg = Debug|Any CPU
		{C042B59D-2B8D-4286-8A5B-880A19201BD9}.Debug|Any CPU.Build.0 = Debug|Any CPU
		{C042B59D-2B8D-4286-8A5B-880A19201BD9}.Release|Any CPU.ActiveCfg = Release|Any CPU
		{C042B59D-2B8D-4286-8A5B-880A19201BD9}.Release|Any CPU.Build.0 = Release|Any CPU
	EndGlobalSection
	GlobalSection(SolutionProperties) = preSolution
		HideSolutionNode = FALSE
	EndGlobalSection
	GlobalSection(ExtensibilityGlobals) = postSolution
		SolutionGuid = {7546F823-3D05-4E1A-BE37-D5697DDDF1DE}
	EndGlobalSection
EndGlobal
